{
  "nodes": {
    "flake-utils": {
      "inputs": {
        "systems": "systems"
      },
      "locked": {
        "lastModified": 1731533236,
        "narHash": "sha256-l0KFg5HjrsfsO/JpG+r7fRrqm12kzFHyUHqHCVpMMbI=",
        "owner": "numtide",
        "repo": "flake-utils",
        "rev": "11707dc2f618dd54ca8739b309ec4fc024de578b",
        "type": "github"
      },
      "original": {
        "owner": "numtide",
        "repo": "flake-utils",
        "type": "github"
      }
    },
    "nixpkgs": {
      "locked": {
        "lastModified": 1729665710,
        "narHash": "sha256-AlcmCXJZPIlO5dmFzV3V2XF6x/OpNWUV8Y/FMPGd8Z4=",
        "owner": "nixos",
        "repo": "nixpkgs",
        "rev": "2768c7d042a37de65bb1b5b3268fc987e534c49d",
        "type": "github"
      },
      "original": {
        "owner": "nixos",
        "ref": "nixos-unstable",
        "repo": "nixpkgs",
        "type": "github"
      }
    },
    "nixpkgs_2": {
      "locked": {
        "lastModified": 1730785428,
        "narHash": "sha256-Zwl8YgTVJTEum+L+0zVAWvXAGbWAuXHax3KzuejaDyo=",
        "owner": "nixos",
        "repo": "nixpkgs",
        "rev": "4aa36568d413aca0ea84a1684d2d46f55dbabad7",
        "type": "github"
      },
      "original": {
        "owner": "nixos",
        "ref": "nixos-unstable",
        "repo": "nixpkgs",
        "type": "github"
      }
    },
    "nixpkgs_3": {
      "locked": {
        "lastModified": 1756082291,
        "narHash": "sha256-ucwIcezCLOGpMDVSUpp6fG6Pju+1ZtJAqzxO9gaUoDQ=",
        "owner": "nixos",
        "repo": "nixpkgs",
        "rev": "434576cbd5f669de9ccbf4472743a8ba90049484",
        "type": "github"
      },
      "original": {
        "owner": "nixos",
        "repo": "nixpkgs",
        "type": "github"
      }
    },
    "nvame": {
      "inputs": {
        "nixpkgs": "nixpkgs_2"
      },
      "locked": {
        "lastModified": 1753083677,
        "narHash": "sha256-F2pZoMveI6uf7pY6wWfRls+n7lvubiltVw/cazn+kKw=",
        "owner": "namescode",
        "repo": "nvame",
        "rev": "a2d3ab60665cb04d7384fea666a6a041f621fd10",
        "type": "github"
      },
      "original": {
        "owner": "namescode",
        "repo": "nvame",
        "type": "github"
      }
    },
    "root": {
      "inputs": {
        "nixpkgs": "nixpkgs",
        "nvame": "nvame",
        "zig2nix": "zig2nix"
      }
    },
    "systems": {
      "locked": {
        "lastModified": 1681028828,
        "narHash": "sha256-Vy1rq5AaRuLzOxct8nz4T6wlgyUR7zLU309k9mBC768=",
        "owner": "nix-systems",
        "repo": "default",
        "rev": "da67096a3b9bf56a91d16901293e51ba5b49a27e",
        "type": "github"
      },
      "original": {
        "owner": "nix-systems",
        "repo": "default",
        "type": "github"
      }
    },
    "zig2nix": {
      "inputs": {
        "flake-utils": "flake-utils",
        "nixpkgs": "nixpkgs_3"
      },
      "locked": {
        "lastModified": 1756086565,
        "narHash": "sha256-EVv3RZedAVPOVnTK5otTMLQ3o/XjoBEcWzbbuDObbBE=",
        "owner": "Cloudef",
        "repo": "zig2nix",
        "rev": "0fdf499768ba5d59db16eff672f0b77ed0590b78",
        "type": "github"
      },
      "original": {
        "owner": "Cloudef",
        "repo": "zig2nix",
        "type": "github"
      }
    }
  },
  "root": "root",
  "version": 7
}
